{
  "name": "flix",
  "lockfileVersion": 3,
  "requires": true,
  "packages": {
    "": {
      "devDependencies": {
        "@prettier/plugin-ruby": "^4.0.1",
        "prettier": "^3.0.0"
      }
    },
    "node_modules/@prettier/plugin-ruby": {
      "version": "4.0.1",
      "resolved": "https://registry.npmjs.org/@prettier/plugin-ruby/-/plugin-ruby-4.0.1.tgz",
      "integrity": "sha512-j1xdHARMfKpIvgKOENiuiWY/W9wcuyS3KB87r3ZYCTUzmOuE1leGebaFuZZpsYSS59Pnbcs666MyVQxvw58k3A==",
      "dev": true,
      "dependencies": {
        "prettier": ">=3.0.0"
      }
    },
    "node_modules/prettier": {
      "version": "3.0.0",
      "resolved": "https://registry.npmjs.org/prettier/-/prettier-3.0.0.tgz",
      "integrity": "sha512-zBf5eHpwHOGPC47h0zrPyNn+eAEIdEzfywMoYn2XPi0P44Zp0tSq64rq0xAREh4auw2cJZHo9QUob+NqCQky4g==",
      "dev": true,
      "bin": {
        "prettier": "bin/prettier.cjs"
      },
      "engines": {
        "node": ">=14"
      },
      "funding": {
        "url": "https://github.com/prettier/prettier?sponsor=1"
      }
    }
  }
}
